
Microsoft Visual Studio Solution File, Format Version 12.00
# Visual Studio Version 16
VisualStudioVersion = 16.0.30907.101
MinimumVisualStudioVersion = 10.0.40219.1
Project("{FAE04EC0-301F-11D3-BF4B-00C04F79EFBC}") = "OlaMundoGit", "OlaMundoGit\OlaMundoGit.csproj", "{AD3854B7-DB7D-4FF0-88F1-EC0EC018670D}"
EndProject
Global
	GlobalSection(SolutionConfigurationPlatforms) = preSolution
		Debug|Any CPU = Debug|Any CPU
		Release|Any CPU = Release|Any CPU
	EndGlobalSection
	GlobalSection(ProjectConfigurationPlatforms) = postSolution
		{AD3854B7-DB7D-4FF0-88F1-EC0EC018670D}.Debug|Any CPU.ActiveCfg = Debug|Any CPU
		{AD3854B7-DB7D-4FF0-88F1-EC0EC018670D}.Debug|Any CPU.Build.0 = Debug|Any CPU
		{AD3854B7-DB7D-4FF0-88F1-EC0EC018670D}.Release|Any CPU.ActiveCfg = Release|Any CPU
		{AD3854B7-DB7D-4FF0-88F1-EC0EC018670D}.Release|Any CPU.Build.0 = Release|Any CPU
	EndGlobalSection
	GlobalSection(SolutionProperties) = preSolution
		HideSolutionNode = FALSE
	EndGlobalSection
	GlobalSection(ExtensibilityGlobals) = postSolution
		SolutionGuid = {F74D8497-E610-4CCF-B150-B6B671196379}
	EndGlobalSection
EndGlobal
